
Microsoft Visual Studio Solution File, Format Version 12.00
# Visual Studio Version 16
VisualStudioVersion = 16.0.31424.327
MinimumVisualStudioVersion = 10.0.40219.1
Project("{FAE04EC0-301F-11D3-BF4B-00C04F79EFBC}") = "Api", "Api\Api.csproj", "{9AA84256-FB55-424D-8B3A-A9C51011D0A5}"
EndProject
Global
	GlobalSection(SolutionConfigurationPlatforms) = preSolution
		Debug|Any CPU = Debug|Any CPU
		Release|Any CPU = Release|Any CPU
	EndGlobalSection
	GlobalSection(ProjectConfigurationPlatforms) = postSolution
		{9AA84256-FB55-424D-8B3A-A9C51011D0A5}.Debug|Any CPU.ActiveCfg = Debug|Any CPU
		{9AA84256-FB55-424D-8B3A-A9C51011D0A5}.Debug|Any CPU.Build.0 = Debug|Any CPU
		{9AA84256-FB55-424D-8B3A-A9C51011D0A5}.Release|Any CPU.ActiveCfg = Release|Any CPU
		{9AA84256-FB55-424D-8B3A-A9C51011D0A5}.Release|Any CPU.Build.0 = Release|Any CPU
	EndGlobalSection
	GlobalSection(SolutionProperties) = preSolution
		HideSolutionNode = FALSE
	EndGlobalSection
	GlobalSection(ExtensibilityGlobals) = postSolution
		SolutionGuid = {EC1C6E75-3439-4F7A-B61B-5009EB3CEDFE}
	EndGlobalSection
EndGlobal
